
Microsoft Visual Studio Solution File, Format Version 12.00
# Visual Studio Express 15 for Windows Desktop
VisualStudioVersion = 15.0.36324.19
MinimumVisualStudioVersion = 10.0.40219.1
Project("{8BC9CEB8-8B4A-11D0-8D11-00A0C91BC942}") = "1244 스위치 켜고 끄기", "1244 스위치 켜고 끄기.vcxproj", "{B49CE4A8-881E-45EF-A152-786FB89BE78A}"
EndProject
Global
	GlobalSection(SolutionConfigurationPlatforms) = preSolution
		Debug|x64 = Debug|x64
		Debug|x86 = Debug|x86
		Release|x64 = Release|x64
		Release|x86 = Release|x86
	EndGlobalSection
	GlobalSection(ProjectConfigurationPlatforms) = postSolution
		{B49CE4A8-881E-45EF-A152-786FB89BE78A}.Debug|x64.ActiveCfg = Debug|x64
		{B49CE4A8-881E-45EF-A152-786FB89BE78A}.Debug|x64.Build.0 = Debug|x64
		{B49CE4A8-881E-45EF-A152-786FB89BE78A}.Debug|x86.ActiveCfg = Debug|Win32
		{B49CE4A8-881E-45EF-A152-786FB89BE78A}.Debug|x86.Build.0 = Debug|Win32
		{B49CE4A8-881E-45EF-A152-786FB89BE78A}.Release|x64.ActiveCfg = Release|x64
		{B49CE4A8-881E-45EF-A152-786FB89BE78A}.Release|x64.Build.0 = Release|x64
		{B49CE4A8-881E-45EF-A152-786FB89BE78A}.Release|x86.ActiveCfg = Release|Win32
		{B49CE4A8-881E-45EF-A152-786FB89BE78A}.Release|x86.Build.0 = Release|Win32
	EndGlobalSection
	GlobalSection(SolutionProperties) = preSolution
		HideSolutionNode = FALSE
	EndGlobalSection
	GlobalSection(ExtensibilityGlobals) = postSolution
		SolutionGuid = {4D025187-FD2C-466A-AA43-8DE14E698548}
	EndGlobalSection
EndGlobal
