
Microsoft Visual Studio Solution File, Format Version 12.00
# Visual Studio Express 15 for Windows Desktop
VisualStudioVersion = 15.0.36324.19
MinimumVisualStudioVersion = 10.0.40219.1
Project("{8BC9CEB8-8B4A-11D0-8D11-00A0C91BC942}") = "11050 이항 계수 1", "11050 이항 계수 1.vcxproj", "{9DF67E5E-1C55-4F0C-AF67-EB29DF4EA665}"
EndProject
Global
	GlobalSection(SolutionConfigurationPlatforms) = preSolution
		Debug|x64 = Debug|x64
		Debug|x86 = Debug|x86
		Release|x64 = Release|x64
		Release|x86 = Release|x86
	EndGlobalSection
	GlobalSection(ProjectConfigurationPlatforms) = postSolution
		{9DF67E5E-1C55-4F0C-AF67-EB29DF4EA665}.Debug|x64.ActiveCfg = Debug|x64
		{9DF67E5E-1C55-4F0C-AF67-EB29DF4EA665}.Debug|x64.Build.0 = Debug|x64
		{9DF67E5E-1C55-4F0C-AF67-EB29DF4EA665}.Debug|x86.ActiveCfg = Debug|Win32
		{9DF67E5E-1C55-4F0C-AF67-EB29DF4EA665}.Debug|x86.Build.0 = Debug|Win32
		{9DF67E5E-1C55-4F0C-AF67-EB29DF4EA665}.Release|x64.ActiveCfg = Release|x64
		{9DF67E5E-1C55-4F0C-AF67-EB29DF4EA665}.Release|x64.Build.0 = Release|x64
		{9DF67E5E-1C55-4F0C-AF67-EB29DF4EA665}.Release|x86.ActiveCfg = Release|Win32
		{9DF67E5E-1C55-4F0C-AF67-EB29DF4EA665}.Release|x86.Build.0 = Release|Win32
	EndGlobalSection
	GlobalSection(SolutionProperties) = preSolution
		HideSolutionNode = FALSE
	EndGlobalSection
	GlobalSection(ExtensibilityGlobals) = postSolution
		SolutionGuid = {D26865AC-E3EF-46DD-8DB1-4B159E29E289}
	EndGlobalSection
EndGlobal
