
Microsoft Visual Studio Solution File, Format Version 12.00
# Visual Studio Express 15 for Windows Desktop
VisualStudioVersion = 15.0.36324.19
MinimumVisualStudioVersion = 10.0.40219.1
Project("{8BC9CEB8-8B4A-11D0-8D11-00A0C91BC942}") = "18870 좌표 압축", "18870 좌표 압축.vcxproj", "{B2169A8C-F71F-410A-AE10-94EE5C6207DC}"
EndProject
Global
	GlobalSection(SolutionConfigurationPlatforms) = preSolution
		Debug|x64 = Debug|x64
		Debug|x86 = Debug|x86
		Release|x64 = Release|x64
		Release|x86 = Release|x86
	EndGlobalSection
	GlobalSection(ProjectConfigurationPlatforms) = postSolution
		{B2169A8C-F71F-410A-AE10-94EE5C6207DC}.Debug|x64.ActiveCfg = Debug|x64
		{B2169A8C-F71F-410A-AE10-94EE5C6207DC}.Debug|x64.Build.0 = Debug|x64
		{B2169A8C-F71F-410A-AE10-94EE5C6207DC}.Debug|x86.ActiveCfg = Debug|Win32
		{B2169A8C-F71F-410A-AE10-94EE5C6207DC}.Debug|x86.Build.0 = Debug|Win32
		{B2169A8C-F71F-410A-AE10-94EE5C6207DC}.Release|x64.ActiveCfg = Release|x64
		{B2169A8C-F71F-410A-AE10-94EE5C6207DC}.Release|x64.Build.0 = Release|x64
		{B2169A8C-F71F-410A-AE10-94EE5C6207DC}.Release|x86.ActiveCfg = Release|Win32
		{B2169A8C-F71F-410A-AE10-94EE5C6207DC}.Release|x86.Build.0 = Release|Win32
	EndGlobalSection
	GlobalSection(SolutionProperties) = preSolution
		HideSolutionNode = FALSE
	EndGlobalSection
	GlobalSection(ExtensibilityGlobals) = postSolution
		SolutionGuid = {7FDEBA01-4A28-4746-81E7-7DD669817FC6}
	EndGlobalSection
EndGlobal
