
Microsoft Visual Studio Solution File, Format Version 12.00
# Visual Studio Express 15 for Windows Desktop
VisualStudioVersion = 15.0.36324.19
MinimumVisualStudioVersion = 10.0.40219.1
Project("{8BC9CEB8-8B4A-11D0-8D11-00A0C91BC942}") = "10828 스택", "10828 스택.vcxproj", "{A23DF683-5079-4930-834A-424C47A17B88}"
EndProject
Global
	GlobalSection(SolutionConfigurationPlatforms) = preSolution
		Debug|x64 = Debug|x64
		Debug|x86 = Debug|x86
		Release|x64 = Release|x64
		Release|x86 = Release|x86
	EndGlobalSection
	GlobalSection(ProjectConfigurationPlatforms) = postSolution
		{A23DF683-5079-4930-834A-424C47A17B88}.Debug|x64.ActiveCfg = Debug|x64
		{A23DF683-5079-4930-834A-424C47A17B88}.Debug|x64.Build.0 = Debug|x64
		{A23DF683-5079-4930-834A-424C47A17B88}.Debug|x86.ActiveCfg = Debug|Win32
		{A23DF683-5079-4930-834A-424C47A17B88}.Debug|x86.Build.0 = Debug|Win32
		{A23DF683-5079-4930-834A-424C47A17B88}.Release|x64.ActiveCfg = Release|x64
		{A23DF683-5079-4930-834A-424C47A17B88}.Release|x64.Build.0 = Release|x64
		{A23DF683-5079-4930-834A-424C47A17B88}.Release|x86.ActiveCfg = Release|Win32
		{A23DF683-5079-4930-834A-424C47A17B88}.Release|x86.Build.0 = Release|Win32
	EndGlobalSection
	GlobalSection(SolutionProperties) = preSolution
		HideSolutionNode = FALSE
	EndGlobalSection
	GlobalSection(ExtensibilityGlobals) = postSolution
		SolutionGuid = {3FC54800-3F78-4BB7-8355-B38066F53161}
	EndGlobalSection
EndGlobal
