
Microsoft Visual Studio Solution File, Format Version 12.00
# Visual Studio Express 15 for Windows Desktop
VisualStudioVersion = 15.0.36324.19
MinimumVisualStudioVersion = 10.0.40219.1
Project("{8BC9CEB8-8B4A-11D0-8D11-00A0C91BC942}") = "1463 1로 만들기", "1463 1로 만들기.vcxproj", "{5F4EAD16-ECA2-441F-AF04-DABF0F41D327}"
EndProject
Global
	GlobalSection(SolutionConfigurationPlatforms) = preSolution
		Debug|x64 = Debug|x64
		Debug|x86 = Debug|x86
		Release|x64 = Release|x64
		Release|x86 = Release|x86
	EndGlobalSection
	GlobalSection(ProjectConfigurationPlatforms) = postSolution
		{5F4EAD16-ECA2-441F-AF04-DABF0F41D327}.Debug|x64.ActiveCfg = Debug|x64
		{5F4EAD16-ECA2-441F-AF04-DABF0F41D327}.Debug|x64.Build.0 = Debug|x64
		{5F4EAD16-ECA2-441F-AF04-DABF0F41D327}.Debug|x86.ActiveCfg = Debug|Win32
		{5F4EAD16-ECA2-441F-AF04-DABF0F41D327}.Debug|x86.Build.0 = Debug|Win32
		{5F4EAD16-ECA2-441F-AF04-DABF0F41D327}.Release|x64.ActiveCfg = Release|x64
		{5F4EAD16-ECA2-441F-AF04-DABF0F41D327}.Release|x64.Build.0 = Release|x64
		{5F4EAD16-ECA2-441F-AF04-DABF0F41D327}.Release|x86.ActiveCfg = Release|Win32
		{5F4EAD16-ECA2-441F-AF04-DABF0F41D327}.Release|x86.Build.0 = Release|Win32
	EndGlobalSection
	GlobalSection(SolutionProperties) = preSolution
		HideSolutionNode = FALSE
	EndGlobalSection
	GlobalSection(ExtensibilityGlobals) = postSolution
		SolutionGuid = {A40AE1CA-DA84-45BF-9FD0-FE4F7B0D4496}
	EndGlobalSection
EndGlobal
